// !$*UTF8*$!
{
	archiveVersion = 1;
	classes = {
	};
	objectVersion = 50;
	objects = {

/* Begin PBXBuildFile section */
		AD086BD52295824600F50771 /* GameFunction.swift in Sources */ = {isa = PBXBuildFile; fileRef = AD086BD42295824600F50771 /* GameFunction.swift */; };
		AD086BD72295850700F50771 /* GameElements.swift in Sources */ = {isa = PBXBuildFile; fileRef = AD086BD62295850700F50771 /* GameElements.swift */; };
		ADACE2252292462500016335 /* AppDelegate.swift in Sources */ = {isa = PBXBuildFile; fileRef = ADACE2242292462500016335 /* AppDelegate.swift */; };
		ADACE2272292462500016335 /* GameScene.sks in Resources */ = {isa = PBXBuildFile; fileRef = ADACE2262292462500016335 /* GameScene.sks */; };
		ADACE2292292462500016335 /* Actions.sks in Resources */ = {isa = PBXBuildFile; fileRef = ADACE2282292462500016335 /* Actions.sks */; };
		ADACE22B2292462500016335 /* GameScene.swift in Sources */ = {isa = PBXBuildFile; fileRef = ADACE22A2292462500016335 /* GameScene.swift */; };
		ADACE22D2292462500016335 /* GameViewController.swift in Sources */ = {isa = PBXBuildFile; fileRef = ADACE22C2292462500016335 /* GameViewController.swift */; };
		ADACE2302292462500016335 /* Main.storyboard in Resources */ = {isa = PBXBuildFile; fileRef = ADACE22E2292462500016335 /* Main.storyboard */; };
		ADACE2322292462600016335 /* Assets.xcassets in Resources */ = {isa = PBXBuildFile; fileRef = ADACE2312292462600016335 /* Assets.xcassets */; };
		ADACE2352292462600016335 /* LaunchScreen.storyboard in Resources */ = {isa = PBXBuildFile; fileRef = ADACE2332292462600016335 /* LaunchScreen.storyboard */; };
		ADACE24322924FAA00016335 /* POL-sage-rage-short.wav in Resources */ = {isa = PBXBuildFile; fileRef = ADACE24122924FAA00016335 /* POL-sage-rage-short.wav */; };
		ADACE24422924FAA00016335 /* bullet.wav in Resources */ = {isa = PBXBuildFile; fileRef = ADACE24222924FAA00016335 /* bullet.wav */; };
		ADACE24822925D2B00016335 /* flameloop.wav in Resources */ = {isa = PBXBuildFile; fileRef = ADACE24722925D2B00016335 /* flameloop.wav */; };
		ADACE24A229270FF00016335 /* FireParticle.sks in Resources */ = {isa = PBXBuildFile; fileRef = ADACE249229270FF00016335 /* FireParticle.sks */; };
		ADACE24C22929D1900016335 /* flamethrowerwav.wav in Resources */ = {isa = PBXBuildFile; fileRef = ADACE24B22929D1900016335 /* flamethrowerwav.wav */; };
/* End PBXBuildFile section */

/* Begin PBXFileReference section */
		AD086BD42295824600F50771 /* GameFunction.swift */ = {isa = PBXFileReference; lastKnownFileType = sourcecode.swift; path = GameFunction.swift; sourceTree = "<group>"; };
		AD086BD62295850700F50771 /* GameElements.swift */ = {isa = PBXFileReference; lastKnownFileType = sourcecode.swift; path = GameElements.swift; sourceTree = "<group>"; };
		ADACE2212292462500016335 /* Shooting Fire.app */ = {isa = PBXFileReference; explicitFileType = wrapper.application; includeInIndex = 0; path = "Shooting Fire.app"; sourceTree = BUILT_PRODUCTS_DIR; };
		ADACE2242292462500016335 /* AppDelegate.swift */ = {isa = PBXFileReference; lastKnownFileType = sourcecode.swift; path = AppDelegate.swift; sourceTree = "<group>"; };
		ADACE2262292462500016335 /* GameScene.sks */ = {isa = PBXFileReference; lastKnownFileType = file.sks; path = GameScene.sks; sourceTree = "<group>"; };
		ADACE2282292462500016335 /* Actions.sks */ = {isa = PBXFileReference; lastKnownFileType = file.sks; path = Actions.sks; sourceTree = "<group>"; };
		ADACE22A2292462500016335 /* GameScene.swift */ = {isa = PBXFileReference; lastKnownFileType = sourcecode.swift; path = GameScene.swift; sourceTree = "<group>"; };
		ADACE22C2292462500016335 /* GameViewController.swift */ = {isa = PBXFileReference; lastKnownFileType = sourcecode.swift; path = GameViewController.swift; sourceTree = "<group>"; };
		ADACE22F2292462500016335 /* Base */ = {isa = PBXFileReference; lastKnownFileType = file.storyboard; name = Base; path = Base.lproj/Main.storyboard; sourceTree = "<group>"; };
		ADACE2312292462600016335 /* Assets.xcassets */ = {isa = PBXFileReference; lastKnownFileType = folder.assetcatalog; path = Assets.xcassets; sourceTree = "<group>"; };
		ADACE2342292462600016335 /* Base */ = {isa = PBXFileReference; lastKnownFileType = file.storyboard; name = Base; path = Base.lproj/LaunchScreen.storyboard; sourceTree = "<group>"; };
		ADACE2362292462600016335 /* Info.plist */ = {isa = PBXFileReference; lastKnownFileType = text.plist.xml; path = Info.plist; sourceTree = "<group>"; };
		ADACE24122924FAA00016335 /* POL-sage-rage-short.wav */ = {isa = PBXFileReference; lastKnownFileType = audio.wav; path = "POL-sage-rage-short.wav"; sourceTree = "<group>"; };
		ADACE24222924FAA00016335 /* bullet.wav */ = {isa = PBXFileReference; lastKnownFileType = audio.wav; path = bullet.wav; sourceTree = "<group>"; };
		ADACE24722925D2B00016335 /* flameloop.wav */ = {isa = PBXFileReference; lastKnownFileType = audio.wav; path = flameloop.wav; sourceTree = "<group>"; };
		ADACE249229270FF00016335 /* FireParticle.sks */ = {isa = PBXFileReference; lastKnownFileType = file.sks; path = FireParticle.sks; sourceTree = "<group>"; };
		ADACE24B22929D1900016335 /* flamethrowerwav.wav */ = {isa = PBXFileReference; lastKnownFileType = audio.wav; path = flamethrowerwav.wav; sourceTree = "<group>"; };
/* End PBXFileReference section */

/* Begin PBXFrameworksBuildPhase section */
		ADACE21E2292462500016335 /* Frameworks */ = {
			isa = PBXFrameworksBuildPhase;
			buildActionMask = 2147483647;
			files = (
			);
			runOnlyForDeploymentPostprocessing = 0;
		};
/* End PBXFrameworksBuildPhase section */

/* Begin PBXGroup section */
		ADACE2182292462400016335 = {
			isa = PBXGroup;
			children = (
				ADACE2232292462500016335 /* Shooting Fire */,
				ADACE2222292462500016335 /* Products */,
			);
			sourceTree = "<group>";
		};
		ADACE2222292462500016335 /* Products */ = {
			isa = PBXGroup;
			children = (
				ADACE2212292462500016335 /* Shooting Fire.app */,
			);
			name = Products;
			sourceTree = "<group>";
		};
		ADACE2232292462500016335 /* Shooting Fire */ = {
			isa = PBXGroup;
			children = (
				ADACE2242292462500016335 /* AppDelegate.swift */,
				ADACE2262292462500016335 /* GameScene.sks */,
				ADACE249229270FF00016335 /* FireParticle.sks */,
				ADACE2282292462500016335 /* Actions.sks */,
				ADACE22A2292462500016335 /* GameScene.swift */,
				AD086BD42295824600F50771 /* GameFunction.swift */,
				AD086BD62295850700F50771 /* GameElements.swift */,
				ADACE22C2292462500016335 /* GameViewController.swift */,
				ADACE22E2292462500016335 /* Main.storyboard */,
				ADACE24022924FAA00016335 /* Sounds */,
				ADACE2312292462600016335 /* Assets.xcassets */,
				ADACE2332292462600016335 /* LaunchScreen.storyboard */,
				ADACE2362292462600016335 /* Info.plist */,
			);
			path = "Shooting Fire";
			sourceTree = "<group>";
		};
		ADACE24022924FAA00016335 /* Sounds */ = {
			isa = PBXGroup;
			children = (
				ADACE24B22929D1900016335 /* flamethrowerwav.wav */,
				ADACE24122924FAA00016335 /* POL-sage-rage-short.wav */,
				ADACE24222924FAA00016335 /* bullet.wav */,
				ADACE24722925D2B00016335 /* flameloop.wav */,
			);
			path = Sounds;
			sourceTree = "<group>";
		};
/* End PBXGroup section */

/* Begin PBXNativeTarget section */
		ADACE2202292462500016335 /* Shooting Fire */ = {
			isa = PBXNativeTarget;
			buildConfigurationList = ADACE2392292462600016335 /* Build configuration list for PBXNativeTarget "Shooting Fire" */;
			buildPhases = (
				ADACE21D2292462500016335 /* Sources */,
				ADACE21E2292462500016335 /* Frameworks */,
				ADACE21F2292462500016335 /* Resources */,
			);
			buildRules = (
			);
			dependencies = (
			);
			name = "Shooting Fire";
			productName = "Shooting Fire";
			productReference = ADACE2212292462500016335 /* Shooting Fire.app */;
			productType = "com.apple.product-type.application";
		};
/* End PBXNativeTarget section */

/* Begin PBXProject section */
		ADACE2192292462500016335 /* Project object */ = {
			isa = PBXProject;
			attributes = {
				LastSwiftUpdateCheck = 1020;
				LastUpgradeCheck = 1020;
				ORGANIZATIONNAME = "Elga Theresia ";
				TargetAttributes = {
					ADACE2202292462500016335 = {
						CreatedOnToolsVersion = 10.2.1;
					};
				};
			};
			buildConfigurationList = ADACE21C2292462500016335 /* Build configuration list for PBXProject "Shooting Fire" */;
			compatibilityVersion = "Xcode 9.3";
			developmentRegion = en;
			hasScannedForEncodings = 0;
			knownRegions = (
				en,
				Base,
			);
			mainGroup = ADACE2182292462400016335;
			productRefGroup = ADACE2222292462500016335 /* Products */;
			projectDirPath = "";
			projectRoot = "";
			targets = (
				ADACE2202292462500016335 /* Shooting Fire */,
			);
		};
/* End PBXProject section */

/* Begin PBXResourcesBuildPhase section */
		ADACE21F2292462500016335 /* Resources */ = {
			isa = PBXResourcesBuildPhase;
			buildActionMask = 2147483647;
			files = (
				ADACE24822925D2B00016335 /* flameloop.wav in Resources */,
				ADACE24322924FAA00016335 /* POL-sage-rage-short.wav in Resources */,
				ADACE2302292462500016335 /* Main.storyboard in Resources */,
				ADACE2272292462500016335 /* GameScene.sks in Resources */,
				ADACE2322292462600016335 /* Assets.xcassets in Resources */,
				ADACE2352292462600016335 /* LaunchScreen.storyboard in Resources */,
				ADACE24A229270FF00016335 /* FireParticle.sks in Resources */,
				ADACE24C22929D1900016335 /* flamethrowerwav.wav in Resources */,
				ADACE24422924FAA00016335 /* bullet.wav in Resources */,
				ADACE2292292462500016335 /* Actions.sks in Resources */,
			);
			runOnlyForDeploymentPostprocessing = 0;
		};
/* End PBXResourcesBuildPhase section */

/* Begin PBXSourcesBuildPhase section */
		ADACE21D2292462500016335 /* Sources */ = {
			isa = PBXSourcesBuildPhase;
			buildActionMask = 2147483647;
			files = (
				AD086BD72295850700F50771 /* GameElements.swift in Sources */,
				ADACE22B2292462500016335 /* GameScene.swift in Sources */,
				AD086BD52295824600F50771 /* GameFunction.swift in Sources */,
				ADACE22D2292462500016335 /* GameViewController.swift in Sources */,
				ADACE2252292462500016335 /* AppDelegate.swift in Sources */,
			);
			runOnlyForDeploymentPostprocessing = 0;
		};
/* End PBXSourcesBuildPhase section */

/* Begin PBXVariantGroup section */
		ADACE22E2292462500016335 /* Main.storyboard */ = {
			isa = PBXVariantGroup;
			children = (
				ADACE22F2292462500016335 /* Base */,
			);
			name = Main.storyboard;
			sourceTree = "<group>";
		};
		ADACE2332292462600016335 /* LaunchScreen.storyboard */ = {
			isa = PBXVariantGroup;
			children = (
				ADACE2342292462600016335 /* Base */,
			);
			name = LaunchScreen.storyboard;
			sourceTree = "<group>";
		};
/* End PBXVariantGroup section */

/* Begin XCBuildConfiguration section */
		ADACE2372292462600016335 /* Debug */ = {
			isa = XCBuildConfiguration;
			buildSettings = {
				ALWAYS_SEARCH_USER_PATHS = NO;
				CLANG_ANALYZER_NONNULL = YES;
				CLANG_ANALYZER_NUMBER_OBJECT_CONVERSION = YES_AGGRESSIVE;
				CLANG_CXX_LANGUAGE_STANDARD = "gnu++14";
				CLANG_CXX_LIBRARY = "libc++";
				CLANG_ENABLE_MODULES = YES;
				CLANG_ENABLE_OBJC_ARC = YES;
				CLANG_ENABLE_OBJC_WEAK = YES;
				CLANG_WARN_BLOCK_CAPTURE_AUTORELEASING = YES;
				CLANG_WARN_BOOL_CONVERSION = YES;
				CLANG_WARN_COMMA = YES;
				CLANG_WARN_CONSTANT_CONVERSION = YES;
				CLANG_WARN_DEPRECATED_OBJC_IMPLEMENTATIONS = YES;
				CLANG_WARN_DIRECT_OBJC_ISA_USAGE = YES_ERROR;
				CLANG_WARN_DOCUMENTATION_COMMENTS = YES;
				CLANG_WARN_EMPTY_BODY = YES;
				CLANG_WARN_ENUM_CONVERSION = YES;
				CLANG_WARN_INFINITE_RECURSION = YES;
				CLANG_WARN_INT_CONVERSION = YES;
				CLANG_WARN_NON_LITERAL_NULL_CONVERSION = YES;
				CLANG_WARN_OBJC_IMPLICIT_RETAIN_SELF = YES;
				CLANG_WARN_OBJC_LITERAL_CONVERSION = YES;
				CLANG_WARN_OBJC_ROOT_CLASS = YES_ERROR;
				CLANG_WARN_RANGE_LOOP_ANALYSIS = YES;
				CLANG_WARN_STRICT_PROTOTYPES = YES;
				CLANG_WARN_SUSPICIOUS_MOVE = YES;
				CLANG_WARN_UNGUARDED_AVAILABILITY = YES_AGGRESSIVE;
				CLANG_WARN_UNREACHABLE_CODE = YES;
				CLANG_WARN__DUPLICATE_METHOD_MATCH = YES;
				CODE_SIGN_IDENTITY = "iPhone Developer";
				COPY_PHASE_STRIP = NO;
				DEBUG_INFORMATION_FORMAT = dwarf;
				ENABLE_STRICT_OBJC_MSGSEND = YES;
				ENABLE_TESTABILITY = YES;
				GCC_C_LANGUAGE_STANDARD = gnu11;
				GCC_DYNAMIC_NO_PIC = NO;
				GCC_NO_COMMON_BLOCKS = YES;
				GCC_OPTIMIZATION_LEVEL = 0;
				GCC_PREPROCESSOR_DEFINITIONS = (
					"DEBUG=1",
					"$(inherited)",
				);
				GCC_WARN_64_TO_32_BIT_CONVERSION = YES;
				GCC_WARN_ABOUT_RETURN_TYPE = YES_ERROR;
				GCC_WARN_UNDECLARED_SELECTOR = YES;
				GCC_WARN_UNINITIALIZED_AUTOS = YES_AGGRESSIVE;
				GCC_WARN_UNUSED_FUNCTION = YES;
				GCC_WARN_UNUSED_VARIABLE = YES;
				IPHONEOS_DEPLOYMENT_TARGET = 12.2;
				MTL_ENABLE_DEBUG_INFO = INCLUDE_SOURCE;
				MTL_FAST_MATH = YES;
				ONLY_ACTIVE_ARCH = YES;
				SDKROOT = iphoneos;
				SWIFT_ACTIVE_COMPILATION_CONDITIONS = DEBUG;
				SWIFT_OPTIMIZATION_LEVEL = "-Onone";
			};
			name = Debug;
		};
		ADACE2382292462600016335 /* Release */ = {
			isa = XCBuildConfiguration;
			buildSettings = {
				ALWAYS_SEARCH_USER_PATHS = NO;
				CLANG_ANALYZER_NONNULL = YES;
				CLANG_ANALYZER_NUMBER_OBJECT_CONVERSION = YES_AGGRESSIVE;
				CLANG_CXX_LANGUAGE_STANDARD = "gnu++14";
				CLANG_CXX_LIBRARY = "libc++";
				CLANG_ENABLE_MODULES = YES;
				CLANG_ENABLE_OBJC_ARC = YES;
				CLANG_ENABLE_OBJC_WEAK = YES;
				CLANG_WARN_BLOCK_CAPTURE_AUTORELEASING = YES;
				CLANG_WARN_BOOL_CONVERSION = YES;
				CLANG_WARN_COMMA = YES;
				CLANG_WARN_CONSTANT_CONVERSION = YES;
				CLANG_WARN_DEPRECATED_OBJC_IMPLEMENTATIONS = YES;
				CLANG_WARN_DIRECT_OBJC_ISA_USAGE = YES_ERROR;
				CLANG_WARN_DOCUMENTATION_COMMENTS = YES;
				CLANG_WARN_EMPTY_BODY = YES;
				CLANG_WARN_ENUM_CONVERSION = YES;
				CLANG_WARN_INFINITE_RECURSION = YES;
				CLANG_WARN_INT_CONVERSION = YES;
				CLANG_WARN_NON_LITERAL_NULL_CONVERSION = YES;
				CLANG_WARN_OBJC_IMPLICIT_RETAIN_SELF = YES;
				CLANG_WARN_OBJC_LITERAL_CONVERSION = YES;
				CLANG_WARN_OBJC_ROOT_CLASS = YES_ERROR;
				CLANG_WARN_RANGE_LOOP_ANALYSIS = YES;
				CLANG_WARN_STRICT_PROTOTYPES = YES;
				CLANG_WARN_SUSPICIOUS_MOVE = YES;
				CLANG_WARN_UNGUARDED_AVAILABILITY = YES_AGGRESSIVE;
				CLANG_WARN_UNREACHABLE_CODE = YES;
				CLANG_WARN__DUPLICATE_METHOD_MATCH = YES;
				CODE_SIGN_IDENTITY = "iPhone Developer";
				COPY_PHASE_STRIP = NO;
				DEBUG_INFORMATION_FORMAT = "dwarf-with-dsym";
				ENABLE_NS_ASSERTIONS = NO;
				ENABLE_STRICT_OBJC_MSGSEND = YES;
				GCC_C_LANGUAGE_STANDARD = gnu11;
				GCC_NO_COMMON_BLOCKS = YES;
				GCC_WARN_64_TO_32_BIT_CONVERSION = YES;
				GCC_WARN_ABOUT_RETURN_TYPE = YES_ERROR;
				GCC_WARN_UNDECLARED_SELECTOR = YES;
				GCC_WARN_UNINITIALIZED_AUTOS = YES_AGGRESSIVE;
				GCC_WARN_UNUSED_FUNCTION = YES;
				GCC_WARN_UNUSED_VARIABLE = YES;
				IPHONEOS_DEPLOYMENT_TARGET = 12.2;
				MTL_ENABLE_DEBUG_INFO = NO;
				MTL_FAST_MATH = YES;
				SDKROOT = iphoneos;
				SWIFT_COMPILATION_MODE = wholemodule;
				SWIFT_OPTIMIZATION_LEVEL = "-O";
				VALIDATE_PRODUCT = YES;
			};
			name = Release;
		};
		ADACE23A2292462600016335 /* Debug */ = {
			isa = XCBuildConfiguration;
			buildSettings = {
				ASSETCATALOG_COMPILER_APPICON_NAME = AppIcon;
				CODE_SIGN_STYLE = Automatic;
				DEVELOPMENT_TEAM = B6244UBYLK;
				INFOPLIST_FILE = "Shooting Fire/Info.plist";
				LD_RUNPATH_SEARCH_PATHS = (
					"$(inherited)",
					"@executable_path/Frameworks",
				);
				PRODUCT_BUNDLE_IDENTIFIER = com.elgatheresia.ShootingFire;
				PRODUCT_NAME = "$(TARGET_NAME)";
				SWIFT_VERSION = 5.0;
				TARGETED_DEVICE_FAMILY = 1;
			};
			name = Debug;
		};
		ADACE23B2292462600016335 /* Release */ = {
			isa = XCBuildConfiguration;
			buildSettings = {
				ASSETCATALOG_COMPILER_APPICON_NAME = AppIcon;
				CODE_SIGN_STYLE = Automatic;
				DEVELOPMENT_TEAM = B6244UBYLK;
				INFOPLIST_FILE = "Shooting Fire/Info.plist";
				LD_RUNPATH_SEARCH_PATHS = (
					"$(inherited)",
					"@executable_path/Frameworks",
				);
				PRODUCT_BUNDLE_IDENTIFIER = com.elgatheresia.ShootingFire;
				PRODUCT_NAME = "$(TARGET_NAME)";
				SWIFT_VERSION = 5.0;
				TARGETED_DEVICE_FAMILY = 1;
			};
			name = Release;
		};
/* End XCBuildConfiguration section */

/* Begin XCConfigurationList section */
		ADACE21C2292462500016335 /* Build configuration list for PBXProject "Shooting Fire" */ = {
			isa = XCConfigurationList;
			buildConfigurations = (
				ADACE2372292462600016335 /* Debug */,
				ADACE2382292462600016335 /* Release */,
			);
			defaultConfigurationIsVisible = 0;
			defaultConfigurationName = Release;
		};
		ADACE2392292462600016335 /* Build configuration list for PBXNativeTarget "Shooting Fire" */ = {
			isa = XCConfigurationList;
			buildConfigurations = (
				ADACE23A2292462600016335 /* Debug */,
				ADACE23B2292462600016335 /* Release */,
			);
			defaultConfigurationIsVisible = 0;
			defaultConfigurationName = Release;
		};
/* End XCConfigurationList section */
	};
	rootObject = ADACE2192292462500016335 /* Project object */;
}
